// !$*UTF8*$!
{
	archiveVersion = 1;
	classes = {
	};
	objectVersion = 56;
	objects = {

/* Begin PBXBuildFile section */
		AFA305BF2B97AC9700759357 /* OpenAPIRuntime in Frameworks */ = {isa = PBXBuildFile; productRef = AFA305BE2B97AC9700759357 /* OpenAPIRuntime */; };
		AFA305C22B97ACDC00759357 /* OpenAPIURLSession in Frameworks */ = {isa = PBXBuildFile; productRef = AFA305C12B97ACDC00759357 /* OpenAPIURLSession */; };
		AFA305C62B97AD9200759357 /* openapi.yaml in Resources */ = {isa = PBXBuildFile; fileRef = AFA305C52B97AD9200759357 /* openapi.yaml */; };
		AFA305C92B97AE4400759357 /* NearestStations.swift in Sources */ = {isa = PBXBuildFile; fileRef = AFA305C82B97AE4400759357 /* NearestStations.swift */; };
		AFA305D42B97B17A00759357 /* openapi-generator-config.yaml in Resources */ = {isa = PBXBuildFile; fileRef = AFA305D32B97B17A00759357 /* openapi-generator-config.yaml */; };
		AFA305DB2B98F53400759357 /* Routes.swift in Sources */ = {isa = PBXBuildFile; fileRef = AFA305DA2B98F53400759357 /* Routes.swift */; };
		AFA305DF2B99025B00759357 /* Schedule.swift in Sources */ = {isa = PBXBuildFile; fileRef = AFA305DE2B99025B00759357 /* Schedule.swift */; };
		AFE252AE2B921369007E5FFF /* RzhdApp.swift in Sources */ = {isa = PBXBuildFile; fileRef = AFE252AD2B921369007E5FFF /* RzhdApp.swift */; };
		AFE252B02B921369007E5FFF /* ContentView.swift in Sources */ = {isa = PBXBuildFile; fileRef = AFE252AF2B921369007E5FFF /* ContentView.swift */; };
		AFE252B22B92136B007E5FFF /* Assets.xcassets in Resources */ = {isa = PBXBuildFile; fileRef = AFE252B12B92136B007E5FFF /* Assets.xcassets */; };
		AFE252B52B92136B007E5FFF /* Preview Assets.xcassets in Resources */ = {isa = PBXBuildFile; fileRef = AFE252B42B92136B007E5FFF /* Preview Assets.xcassets */; };
		AFE252BC2B992284007E5FFF /* Thread.swift in Sources */ = {isa = PBXBuildFile; fileRef = AFE252BB2B992284007E5FFF /* Thread.swift */; };
/* End PBXBuildFile section */

/* Begin PBXFileReference section */
		AFA305C52B97AD9200759357 /* openapi.yaml */ = {isa = PBXFileReference; fileEncoding = 4; lastKnownFileType = text.yaml; path = openapi.yaml; sourceTree = "<group>"; };
		AFA305C82B97AE4400759357 /* NearestStations.swift */ = {isa = PBXFileReference; lastKnownFileType = sourcecode.swift; path = NearestStations.swift; sourceTree = "<group>"; };
		AFA305D32B97B17A00759357 /* openapi-generator-config.yaml */ = {isa = PBXFileReference; fileEncoding = 4; lastKnownFileType = text.yaml; path = "openapi-generator-config.yaml"; sourceTree = "<group>"; };
		AFA305DA2B98F53400759357 /* Routes.swift */ = {isa = PBXFileReference; lastKnownFileType = sourcecode.swift; path = Routes.swift; sourceTree = "<group>"; };
		AFA305DE2B99025B00759357 /* Schedule.swift */ = {isa = PBXFileReference; lastKnownFileType = sourcecode.swift; path = Schedule.swift; sourceTree = "<group>"; };
		AFE252AA2B921369007E5FFF /* Rzhd.app */ = {isa = PBXFileReference; explicitFileType = wrapper.application; includeInIndex = 0; path = Rzhd.app; sourceTree = BUILT_PRODUCTS_DIR; };
		AFE252AD2B921369007E5FFF /* RzhdApp.swift */ = {isa = PBXFileReference; lastKnownFileType = sourcecode.swift; path = RzhdApp.swift; sourceTree = "<group>"; };
		AFE252AF2B921369007E5FFF /* ContentView.swift */ = {isa = PBXFileReference; lastKnownFileType = sourcecode.swift; path = ContentView.swift; sourceTree = "<group>"; };
		AFE252B12B92136B007E5FFF /* Assets.xcassets */ = {isa = PBXFileReference; lastKnownFileType = folder.assetcatalog; path = Assets.xcassets; sourceTree = "<group>"; };
		AFE252B42B92136B007E5FFF /* Preview Assets.xcassets */ = {isa = PBXFileReference; lastKnownFileType = folder.assetcatalog; path = "Preview Assets.xcassets"; sourceTree = "<group>"; };
		AFE252BB2B992284007E5FFF /* Thread.swift */ = {isa = PBXFileReference; lastKnownFileType = sourcecode.swift; path = Thread.swift; sourceTree = "<group>"; };
/* End PBXFileReference section */

/* Begin PBXFrameworksBuildPhase section */
		AFE252A72B921369007E5FFF /* Frameworks */ = {
			isa = PBXFrameworksBuildPhase;
			buildActionMask = 2147483647;
			files = (
				AFA305C22B97ACDC00759357 /* OpenAPIURLSession in Frameworks */,
				AFA305BF2B97AC9700759357 /* OpenAPIRuntime in Frameworks */,
			);
			runOnlyForDeploymentPostprocessing = 0;
		};
/* End PBXFrameworksBuildPhase section */

/* Begin PBXGroup section */
		AFE252A12B921369007E5FFF = {
			isa = PBXGroup;
			children = (
				AFE252AC2B921369007E5FFF /* Rzhd */,
				AFE252AB2B921369007E5FFF /* Products */,
			);
			sourceTree = "<group>";
		};
		AFE252AB2B921369007E5FFF /* Products */ = {
			isa = PBXGroup;
			children = (
				AFE252AA2B921369007E5FFF /* Rzhd.app */,
			);
			name = Products;
			sourceTree = "<group>";
		};
		AFE252AC2B921369007E5FFF /* Rzhd */ = {
			isa = PBXGroup;
			children = (
				AFA305D32B97B17A00759357 /* openapi-generator-config.yaml */,
				AFA305C52B97AD9200759357 /* openapi.yaml */,
				AFE252AD2B921369007E5FFF /* RzhdApp.swift */,
				AFE252AF2B921369007E5FFF /* ContentView.swift */,
				AFE252B12B92136B007E5FFF /* Assets.xcassets */,
				AFE252B32B92136B007E5FFF /* Preview Content */,
				AFA305C82B97AE4400759357 /* NearestStations.swift */,
				AFA305DA2B98F53400759357 /* Routes.swift */,
				AFA305DE2B99025B00759357 /* Schedule.swift */,
				AFE252BB2B992284007E5FFF /* Thread.swift */,
			);
			path = Rzhd;
			sourceTree = "<group>";
		};
		AFE252B32B92136B007E5FFF /* Preview Content */ = {
			isa = PBXGroup;
			children = (
				AFE252B42B92136B007E5FFF /* Preview Assets.xcassets */,
			);
			path = "Preview Content";
			sourceTree = "<group>";
		};
/* End PBXGroup section */

/* Begin PBXNativeTarget section */
		AFE252A92B921369007E5FFF /* Rzhd */ = {
			isa = PBXNativeTarget;
			buildConfigurationList = AFE252B82B92136B007E5FFF /* Build configuration list for PBXNativeTarget "Rzhd" */;
			buildPhases = (
				AFE252A62B921369007E5FFF /* Sources */,
				AFE252A72B921369007E5FFF /* Frameworks */,
				AFE252A82B921369007E5FFF /* Resources */,
			);
			buildRules = (
			);
			dependencies = (
				AFA305D82B97B2CF00759357 /* PBXTargetDependency */,
			);
			name = Rzhd;
			packageProductDependencies = (
				AFA305BE2B97AC9700759357 /* OpenAPIRuntime */,
				AFA305C12B97ACDC00759357 /* OpenAPIURLSession */,
			);
			productName = Rzhd;
			productReference = AFE252AA2B921369007E5FFF /* Rzhd.app */;
			productType = "com.apple.product-type.application";
		};
/* End PBXNativeTarget section */

/* Begin PBXProject section */
		AFE252A22B921369007E5FFF /* Project object */ = {
			isa = PBXProject;
			attributes = {
				BuildIndependentTargetsInParallel = 1;
				LastSwiftUpdateCheck = 1520;
				LastUpgradeCheck = 1520;
				TargetAttributes = {
					AFE252A92B921369007E5FFF = {
						CreatedOnToolsVersion = 15.2;
					};
				};
			};
			buildConfigurationList = AFE252A52B921369007E5FFF /* Build configuration list for PBXProject "Rzhd" */;
			compatibilityVersion = "Xcode 14.0";
			developmentRegion = en;
			hasScannedForEncodings = 0;
			knownRegions = (
				en,
				Base,
			);
			mainGroup = AFE252A12B921369007E5FFF;
			packageReferences = (
				AFA305B82B97AC7A00759357 /* XCRemoteSwiftPackageReference "swift-openapi-generator" */,
				AFA305BD2B97AC9700759357 /* XCRemoteSwiftPackageReference "swift-openapi-runtime" */,
				AFA305C02B97ACDC00759357 /* XCRemoteSwiftPackageReference "swift-openapi-urlsession" */,
			);
			productRefGroup = AFE252AB2B921369007E5FFF /* Products */;
			projectDirPath = "";
			projectRoot = "";
			targets = (
				AFE252A92B921369007E5FFF /* Rzhd */,
			);
		};
/* End PBXProject section */

/* Begin PBXResourcesBuildPhase section */
		AFE252A82B921369007E5FFF /* Resources */ = {
			isa = PBXResourcesBuildPhase;
			buildActionMask = 2147483647;
			files = (
				AFE252B52B92136B007E5FFF /* Preview Assets.xcassets in Resources */,
				AFA305D42B97B17A00759357 /* openapi-generator-config.yaml in Resources */,
				AFE252B22B92136B007E5FFF /* Assets.xcassets in Resources */,
				AFA305C62B97AD9200759357 /* openapi.yaml in Resources */,
			);
			runOnlyForDeploymentPostprocessing = 0;
		};
/* End PBXResourcesBuildPhase section */

/* Begin PBXSourcesBuildPhase section */
		AFE252A62B921369007E5FFF /* Sources */ = {
			isa = PBXSourcesBuildPhase;
			buildActionMask = 2147483647;
			files = (
				AFA305C92B97AE4400759357 /* NearestStations.swift in Sources */,
				AFA305DB2B98F53400759357 /* Routes.swift in Sources */,
				AFE252B02B921369007E5FFF /* ContentView.swift in Sources */,
				AFA305DF2B99025B00759357 /* Schedule.swift in Sources */,
				AFE252BC2B992284007E5FFF /* Thread.swift in Sources */,
				AFE252AE2B921369007E5FFF /* RzhdApp.swift in Sources */,
			);
			runOnlyForDeploymentPostprocessing = 0;
		};
/* End PBXSourcesBuildPhase section */

/* Begin PBXTargetDependency section */
		AFA305D82B97B2CF00759357 /* PBXTargetDependency */ = {
			isa = PBXTargetDependency;
			productRef = AFA305D72B97B2CF00759357 /* OpenAPIGenerator */;
		};
/* End PBXTargetDependency section */

/* Begin XCBuildConfiguration section */
		AFE252B62B92136B007E5FFF /* Debug */ = {
			isa = XCBuildConfiguration;
			buildSettings = {
				ALWAYS_SEARCH_USER_PATHS = NO;
				ASSETCATALOG_COMPILER_GENERATE_SWIFT_ASSET_SYMBOL_EXTENSIONS = YES;
				CLANG_ANALYZER_NONNULL = YES;
				CLANG_ANALYZER_NUMBER_OBJECT_CONVERSION = YES_AGGRESSIVE;
				CLANG_CXX_LANGUAGE_STANDARD = "gnu++20";
				CLANG_ENABLE_MODULES = YES;
				CLANG_ENABLE_OBJC_ARC = YES;
				CLANG_ENABLE_OBJC_WEAK = YES;
				CLANG_WARN_BLOCK_CAPTURE_AUTORELEASING = YES;
				CLANG_WARN_BOOL_CONVERSION = YES;
				CLANG_WARN_COMMA = YES;
				CLANG_WARN_CONSTANT_CONVERSION = YES;
				CLANG_WARN_DEPRECATED_OBJC_IMPLEMENTATIONS = YES;
				CLANG_WARN_DIRECT_OBJC_ISA_USAGE = YES_ERROR;
				CLANG_WARN_DOCUMENTATION_COMMENTS = YES;
				CLANG_WARN_EMPTY_BODY = YES;
				CLANG_WARN_ENUM_CONVERSION = YES;
				CLANG_WARN_INFINITE_RECURSION = YES;
				CLANG_WARN_INT_CONVERSION = YES;
				CLANG_WARN_NON_LITERAL_NULL_CONVERSION = YES;
				CLANG_WARN_OBJC_IMPLICIT_RETAIN_SELF = YES;
				CLANG_WARN_OBJC_LITERAL_CONVERSION = YES;
				CLANG_WARN_OBJC_ROOT_CLASS = YES_ERROR;
				CLANG_WARN_QUOTED_INCLUDE_IN_FRAMEWORK_HEADER = YES;
				CLANG_WARN_RANGE_LOOP_ANALYSIS = YES;
				CLANG_WARN_STRICT_PROTOTYPES = YES;
				CLANG_WARN_SUSPICIOUS_MOVE = YES;
				CLANG_WARN_UNGUARDED_AVAILABILITY = YES_AGGRESSIVE;
				CLANG_WARN_UNREACHABLE_CODE = YES;
				CLANG_WARN__DUPLICATE_METHOD_MATCH = YES;
				COPY_PHASE_STRIP = NO;
				DEBUG_INFORMATION_FORMAT = dwarf;
				ENABLE_STRICT_OBJC_MSGSEND = YES;
				ENABLE_TESTABILITY = YES;
				ENABLE_USER_SCRIPT_SANDBOXING = YES;
				GCC_C_LANGUAGE_STANDARD = gnu17;
				GCC_DYNAMIC_NO_PIC = NO;
				GCC_NO_COMMON_BLOCKS = YES;
				GCC_OPTIMIZATION_LEVEL = 0;
				GCC_PREPROCESSOR_DEFINITIONS = (
					"DEBUG=1",
					"$(inherited)",
				);
				GCC_WARN_64_TO_32_BIT_CONVERSION = YES;
				GCC_WARN_ABOUT_RETURN_TYPE = YES_ERROR;
				GCC_WARN_UNDECLARED_SELECTOR = YES;
				GCC_WARN_UNINITIALIZED_AUTOS = YES_AGGRESSIVE;
				GCC_WARN_UNUSED_FUNCTION = YES;
				GCC_WARN_UNUSED_VARIABLE = YES;
				IPHONEOS_DEPLOYMENT_TARGET = 17.2;
				LOCALIZATION_PREFERS_STRING_CATALOGS = YES;
				MTL_ENABLE_DEBUG_INFO = INCLUDE_SOURCE;
				MTL_FAST_MATH = YES;
				ONLY_ACTIVE_ARCH = YES;
				SDKROOT = iphoneos;
				SWIFT_ACTIVE_COMPILATION_CONDITIONS = "DEBUG $(inherited)";
				SWIFT_OPTIMIZATION_LEVEL = "-Onone";
			};
			name = Debug;
		};
		AFE252B72B92136B007E5FFF /* Release */ = {
			isa = XCBuildConfiguration;
			buildSettings = {
				ALWAYS_SEARCH_USER_PATHS = NO;
				ASSETCATALOG_COMPILER_GENERATE_SWIFT_ASSET_SYMBOL_EXTENSIONS = YES;
				CLANG_ANALYZER_NONNULL = YES;
				CLANG_ANALYZER_NUMBER_OBJECT_CONVERSION = YES_AGGRESSIVE;
				CLANG_CXX_LANGUAGE_STANDARD = "gnu++20";
				CLANG_ENABLE_MODULES = YES;
				CLANG_ENABLE_OBJC_ARC = YES;
				CLANG_ENABLE_OBJC_WEAK = YES;
				CLANG_WARN_BLOCK_CAPTURE_AUTORELEASING = YES;
				CLANG_WARN_BOOL_CONVERSION = YES;
				CLANG_WARN_COMMA = YES;
				CLANG_WARN_CONSTANT_CONVERSION = YES;
				CLANG_WARN_DEPRECATED_OBJC_IMPLEMENTATIONS = YES;
				CLANG_WARN_DIRECT_OBJC_ISA_USAGE = YES_ERROR;
				CLANG_WARN_DOCUMENTATION_COMMENTS = YES;
				CLANG_WARN_EMPTY_BODY = YES;
				CLANG_WARN_ENUM_CONVERSION = YES;
				CLANG_WARN_INFINITE_RECURSION = YES;
				CLANG_WARN_INT_CONVERSION = YES;
				CLANG_WARN_NON_LITERAL_NULL_CONVERSION = YES;
				CLANG_WARN_OBJC_IMPLICIT_RETAIN_SELF = YES;
				CLANG_WARN_OBJC_LITERAL_CONVERSION = YES;
				CLANG_WARN_OBJC_ROOT_CLASS = YES_ERROR;
				CLANG_WARN_QUOTED_INCLUDE_IN_FRAMEWORK_HEADER = YES;
				CLANG_WARN_RANGE_LOOP_ANALYSIS = YES;
				CLANG_WARN_STRICT_PROTOTYPES = YES;
				CLANG_WARN_SUSPICIOUS_MOVE = YES;
				CLANG_WARN_UNGUARDED_AVAILABILITY = YES_AGGRESSIVE;
				CLANG_WARN_UNREACHABLE_CODE = YES;
				CLANG_WARN__DUPLICATE_METHOD_MATCH = YES;
				COPY_PHASE_STRIP = NO;
				DEBUG_INFORMATION_FORMAT = "dwarf-with-dsym";
				ENABLE_NS_ASSERTIONS = NO;
				ENABLE_STRICT_OBJC_MSGSEND = YES;
				ENABLE_USER_SCRIPT_SANDBOXING = YES;
				GCC_C_LANGUAGE_STANDARD = gnu17;
				GCC_NO_COMMON_BLOCKS = YES;
				GCC_WARN_64_TO_32_BIT_CONVERSION = YES;
				GCC_WARN_ABOUT_RETURN_TYPE = YES_ERROR;
				GCC_WARN_UNDECLARED_SELECTOR = YES;
				GCC_WARN_UNINITIALIZED_AUTOS = YES_AGGRESSIVE;
				GCC_WARN_UNUSED_FUNCTION = YES;
				GCC_WARN_UNUSED_VARIABLE = YES;
				IPHONEOS_DEPLOYMENT_TARGET = 17.2;
				LOCALIZATION_PREFERS_STRING_CATALOGS = YES;
				MTL_ENABLE_DEBUG_INFO = NO;
				MTL_FAST_MATH = YES;
				SDKROOT = iphoneos;
				SWIFT_COMPILATION_MODE = wholemodule;
				VALIDATE_PRODUCT = YES;
			};
			name = Release;
		};
		AFE252B92B92136B007E5FFF /* Debug */ = {
			isa = XCBuildConfiguration;
			buildSettings = {
				ASSETCATALOG_COMPILER_APPICON_NAME = AppIcon;
				ASSETCATALOG_COMPILER_GLOBAL_ACCENT_COLOR_NAME = AccentColor;
				CODE_SIGN_STYLE = Automatic;
				CURRENT_PROJECT_VERSION = 1;
				DEVELOPMENT_ASSET_PATHS = "\"Rzhd/Preview Content\"";
				DEVELOPMENT_TEAM = 6LXSUZFYBY;
				ENABLE_PREVIEWS = YES;
				GENERATE_INFOPLIST_FILE = YES;
				INFOPLIST_KEY_UIApplicationSceneManifest_Generation = YES;
				INFOPLIST_KEY_UIApplicationSupportsIndirectInputEvents = YES;
				INFOPLIST_KEY_UILaunchScreen_Generation = YES;
				INFOPLIST_KEY_UISupportedInterfaceOrientations_iPad = "UIInterfaceOrientationPortrait UIInterfaceOrientationPortraitUpsideDown UIInterfaceOrientationLandscapeLeft UIInterfaceOrientationLandscapeRight";
				INFOPLIST_KEY_UISupportedInterfaceOrientations_iPhone = "UIInterfaceOrientationPortrait UIInterfaceOrientationLandscapeLeft UIInterfaceOrientationLandscapeRight";
				LD_RUNPATH_SEARCH_PATHS = (
					"$(inherited)",
					"@executable_path/Frameworks",
				);
				MARKETING_VERSION = 1.0;
				PRODUCT_BUNDLE_IDENTIFIER = "artwist-polyakov.Rzhd";
				PRODUCT_NAME = "$(TARGET_NAME)";
				SWIFT_EMIT_LOC_STRINGS = YES;
				SWIFT_VERSION = 5.0;
				TARGETED_DEVICE_FAMILY = "1,2";
			};
			name = Debug;
		};
		AFE252BA2B92136B007E5FFF /* Release */ = {
			isa = XCBuildConfiguration;
			buildSettings = {
				ASSETCATALOG_COMPILER_APPICON_NAME = AppIcon;
				ASSETCATALOG_COMPILER_GLOBAL_ACCENT_COLOR_NAME = AccentColor;
				CODE_SIGN_STYLE = Automatic;
				CURRENT_PROJECT_VERSION = 1;
				DEVELOPMENT_ASSET_PATHS = "\"Rzhd/Preview Content\"";
				DEVELOPMENT_TEAM = 6LXSUZFYBY;
				ENABLE_PREVIEWS = YES;
				GENERATE_INFOPLIST_FILE = YES;
				INFOPLIST_KEY_UIApplicationSceneManifest_Generation = YES;
				INFOPLIST_KEY_UIApplicationSupportsIndirectInputEvents = YES;
				INFOPLIST_KEY_UILaunchScreen_Generation = YES;
				INFOPLIST_KEY_UISupportedInterfaceOrientations_iPad = "UIInterfaceOrientationPortrait UIInterfaceOrientationPortraitUpsideDown UIInterfaceOrientationLandscapeLeft UIInterfaceOrientationLandscapeRight";
				INFOPLIST_KEY_UISupportedInterfaceOrientations_iPhone = "UIInterfaceOrientationPortrait UIInterfaceOrientationLandscapeLeft UIInterfaceOrientationLandscapeRight";
				LD_RUNPATH_SEARCH_PATHS = (
					"$(inherited)",
					"@executable_path/Frameworks",
				);
				MARKETING_VERSION = 1.0;
				PRODUCT_BUNDLE_IDENTIFIER = "artwist-polyakov.Rzhd";
				PRODUCT_NAME = "$(TARGET_NAME)";
				SWIFT_EMIT_LOC_STRINGS = YES;
				SWIFT_VERSION = 5.0;
				TARGETED_DEVICE_FAMILY = "1,2";
			};
			name = Release;
		};
/* End XCBuildConfiguration section */

/* Begin XCConfigurationList section */
		AFE252A52B921369007E5FFF /* Build configuration list for PBXProject "Rzhd" */ = {
			isa = XCConfigurationList;
			buildConfigurations = (
				AFE252B62B92136B007E5FFF /* Debug */,
				AFE252B72B92136B007E5FFF /* Release */,
			);
			defaultConfigurationIsVisible = 0;
			defaultConfigurationName = Release;
		};
		AFE252B82B92136B007E5FFF /* Build configuration list for PBXNativeTarget "Rzhd" */ = {
			isa = XCConfigurationList;
			buildConfigurations = (
				AFE252B92B92136B007E5FFF /* Debug */,
				AFE252BA2B92136B007E5FFF /* Release */,
			);
			defaultConfigurationIsVisible = 0;
			defaultConfigurationName = Release;
		};
/* End XCConfigurationList section */

/* Begin XCRemoteSwiftPackageReference section */
		AFA305B82B97AC7A00759357 /* XCRemoteSwiftPackageReference "swift-openapi-generator" */ = {
			isa = XCRemoteSwiftPackageReference;
			repositoryURL = "https://github.com/apple/swift-openapi-generator";
			requirement = {
				kind = upToNextMajorVersion;
				minimumVersion = 1.2.1;
			};
		};
		AFA305BD2B97AC9700759357 /* XCRemoteSwiftPackageReference "swift-openapi-runtime" */ = {
			isa = XCRemoteSwiftPackageReference;
			repositoryURL = "https://github.com/apple/swift-openapi-runtime";
			requirement = {
				kind = upToNextMajorVersion;
				minimumVersion = 1.3.2;
			};
		};
		AFA305C02B97ACDC00759357 /* XCRemoteSwiftPackageReference "swift-openapi-urlsession" */ = {
			isa = XCRemoteSwiftPackageReference;
			repositoryURL = "https://github.com/apple/swift-openapi-urlsession";
			requirement = {
				kind = upToNextMajorVersion;
				minimumVersion = 1.0.1;
			};
		};
/* End XCRemoteSwiftPackageReference section */

/* Begin XCSwiftPackageProductDependency section */
		AFA305BE2B97AC9700759357 /* OpenAPIRuntime */ = {
			isa = XCSwiftPackageProductDependency;
			package = AFA305BD2B97AC9700759357 /* XCRemoteSwiftPackageReference "swift-openapi-runtime" */;
			productName = OpenAPIRuntime;
		};
		AFA305C12B97ACDC00759357 /* OpenAPIURLSession */ = {
			isa = XCSwiftPackageProductDependency;
			package = AFA305C02B97ACDC00759357 /* XCRemoteSwiftPackageReference "swift-openapi-urlsession" */;
			productName = OpenAPIURLSession;
		};
		AFA305D72B97B2CF00759357 /* OpenAPIGenerator */ = {
			isa = XCSwiftPackageProductDependency;
			package = AFA305B82B97AC7A00759357 /* XCRemoteSwiftPackageReference "swift-openapi-generator" */;
			productName = "plugin:OpenAPIGenerator";
		};
/* End XCSwiftPackageProductDependency section */
	};
	rootObject = AFE252A22B921369007E5FFF /* Project object */;
}
